
Microsoft Visual Studio Solution File, Format Version 12.00
# Visual Studio Version 17
VisualStudioVersion = 17.14.36408.4
MinimumVisualStudioVersion = 10.0.40219.1
Project("{FAE04EC0-301F-11D3-BF4B-00C04F79EFBC}") = "LMS_API", "LMS_API\LMS_API.csproj", "{8F2F461E-E0AC-4433-AC0A-4F1573DD319A}"
EndProject
Global
	GlobalSection(SolutionConfigurationPlatforms) = preSolution
		Debug|Any CPU = Debug|Any CPU
		Release|Any CPU = Release|Any CPU
	EndGlobalSection
	GlobalSection(ProjectConfigurationPlatforms) = postSolution
		{8F2F461E-E0AC-4433-AC0A-4F1573DD319A}.Debug|Any CPU.ActiveCfg = Debug|Any CPU
		{8F2F461E-E0AC-4433-AC0A-4F1573DD319A}.Debug|Any CPU.Build.0 = Debug|Any CPU
		{8F2F461E-E0AC-4433-AC0A-4F1573DD319A}.Release|Any CPU.ActiveCfg = Release|Any CPU
		{8F2F461E-E0AC-4433-AC0A-4F1573DD319A}.Release|Any CPU.Build.0 = Release|Any CPU
	EndGlobalSection
	GlobalSection(SolutionProperties) = preSolution
		HideSolutionNode = FALSE
	EndGlobalSection
	GlobalSection(ExtensibilityGlobals) = postSolution
		SolutionGuid = {4A9328A7-E35A-4DD9-844C-7E4F4712A733}
	EndGlobalSection
EndGlobal
